
Microsoft Visual Studio Solution File, Format Version 12.00
# Visual Studio Version 16
VisualStudioVersion = 16.0.31624.102
MinimumVisualStudioVersion = 10.0.40219.1
Project("{FAE04EC0-301F-11D3-BF4B-00C04F79EFBC}") = "SessionProject", "SessionProject\SessionProject.csproj", "{028C5CC9-1AC1-46F4-A6D8-A5D8CC45EB9D}"
EndProject
Global
	GlobalSection(SolutionConfigurationPlatforms) = preSolution
		Debug|Any CPU = Debug|Any CPU
		Release|Any CPU = Release|Any CPU
	EndGlobalSection
	GlobalSection(ProjectConfigurationPlatforms) = postSolution
		{028C5CC9-1AC1-46F4-A6D8-A5D8CC45EB9D}.Debug|Any CPU.ActiveCfg = Debug|Any CPU
		{028C5CC9-1AC1-46F4-A6D8-A5D8CC45EB9D}.Debug|Any CPU.Build.0 = Debug|Any CPU
		{028C5CC9-1AC1-46F4-A6D8-A5D8CC45EB9D}.Release|Any CPU.ActiveCfg = Release|Any CPU
		{028C5CC9-1AC1-46F4-A6D8-A5D8CC45EB9D}.Release|Any CPU.Build.0 = Release|Any CPU
	EndGlobalSection
	GlobalSection(SolutionProperties) = preSolution
		HideSolutionNode = FALSE
	EndGlobalSection
	GlobalSection(ExtensibilityGlobals) = postSolution
		SolutionGuid = {7664DE55-62A3-4DD9-AB83-97C062DF2C3D}
	EndGlobalSection
EndGlobal
